hash: 314f14465e4a4f5824dc7048ada175a7c617c0398508cd13f93a7c8d76ebbaab
updated: 2017-02-14T21:14:37.360237202+05:30
imports:
- name: github.com/decred/dcrwallet
  version: e0bb79f42db7420be923ebaf668dbc9ad6d65cee
  repo: https://github.com/tuxcanfly/btcwallet
  vcs: git
  subpackages:
  - rpc/walletrpc
- name: github.com/golang/protobuf
  version: 8ee79997227bf9b34611aee7946ae64735e6fd93
  subpackages:
  - proto
- name: golang.org/x/net
  version: f2499483f923065a842d38eb4c7f1927e6fc6e6d
  subpackages:
  - context
  - http2
  - trace
  - http2/hpack
  - idna
  - lex/httplex
  - internal/timeseries
- name: google.golang.org/grpc
  version: 708a7f9f3283aa2d4f6132d287d78683babe55c8
  subpackages:
  - credentials
  - codes
  - grpclog
  - internal
  - metadata
  - naming
  - stats
  - tap
  - transport
  - peer
testImports: []
